// !$*UTF8*$!
{
	archiveVersion = 1;
	classes = {
	};
	objectVersion = 46;
	objects = {

/* Begin PBXBuildFile section */
		931E51F21BB11646007113D9 /* appicon.icns in Resources */ = {isa = PBXBuildFile; fileRef = 931E51F11BB11646007113D9 /* appicon.icns */; settings = {ASSET_TAGS = (); }; };
		93DA69EB1BAC0F670072DA32 /* EMUploader.m in Sources */ = {isa = PBXBuildFile; fileRef = 93DA69EA1BAC0F670072DA32 /* EMUploader.m */; settings = {ASSET_TAGS = (); }; };
		93DA69ED1BAD484B0072DA32 /* GeneralPreferencesView.xib in Resources */ = {isa = PBXBuildFile; fileRef = 93DA69EC1BAD484B0072DA32 /* GeneralPreferencesView.xib */; settings = {ASSET_TAGS = (); }; };
		93DA69F01BAD4A3D0072DA32 /* GeneralPreferencesViewController.m in Sources */ = {isa = PBXBuildFile; fileRef = 93DA69EF1BAD4A3D0072DA32 /* GeneralPreferencesViewController.m */; settings = {ASSET_TAGS = (); }; };
		93DA69F31BAD5A690072DA32 /* EMConfig.m in Sources */ = {isa = PBXBuildFile; fileRef = 93DA69F21BAD5A690072DA32 /* EMConfig.m */; settings = {ASSET_TAGS = (); }; };
		93F980D41BAB067A000BDA2A /* AppDelegate.m in Sources */ = {isa = PBXBuildFile; fileRef = 93F980D31BAB067A000BDA2A /* AppDelegate.m */; };
		93F980D71BAB067A000BDA2A /* main.m in Sources */ = {isa = PBXBuildFile; fileRef = 93F980D61BAB067A000BDA2A /* main.m */; };
		93F980DA1BAB067A000BDA2A /* ViewController.m in Sources */ = {isa = PBXBuildFile; fileRef = 93F980D91BAB067A000BDA2A /* ViewController.m */; };
		93F980DC1BAB067A000BDA2A /* Assets.xcassets in Resources */ = {isa = PBXBuildFile; fileRef = 93F980DB1BAB067A000BDA2A /* Assets.xcassets */; };
		93F980DF1BAB067A000BDA2A /* Main.storyboard in Resources */ = {isa = PBXBuildFile; fileRef = 93F980DD1BAB067A000BDA2A /* Main.storyboard */; };
		93F980EA1BAB067A000BDA2A /* ExclamationMarkerTests.m in Sources */ = {isa = PBXBuildFile; fileRef = 93F980E91BAB067A000BDA2A /* ExclamationMarkerTests.m */; };
		93F980F51BAB067A000BDA2A /* ExclamationMarkerUITests.m in Sources */ = {isa = PBXBuildFile; fileRef = 93F980F41BAB067A000BDA2A /* ExclamationMarkerUITests.m */; };
		ADBE772E0EC6BBE42AEFF721 /* libPods-ExclamationMarker.a in Frameworks */ = {isa = PBXBuildFile; fileRef = 8D87DE2147202376BE182666 /* libPods-ExclamationMarker.a */; };
/* End PBXBuildFile section */

/* Begin PBXContainerItemProxy section */
		93F980E61BAB067A000BDA2A /* PBXContainerItemProxy */ = {
			isa = PBXContainerItemProxy;
			containerPortal = 93F980C71BAB067A000BDA2A /* Project object */;
			proxyType = 1;
			remoteGlobalIDString = 93F980CE1BAB067A000BDA2A;
			remoteInfo = ExclamationMarker;
		};
		93F980F11BAB067A000BDA2A /* PBXContainerItemProxy */ = {
			isa = PBXContainerItemProxy;
			containerPortal = 93F980C71BAB067A000BDA2A /* Project object */;
			proxyType = 1;
			remoteGlobalIDString = 93F980CE1BAB067A000BDA2A;
			remoteInfo = ExclamationMarker;
		};
/* End PBXContainerItemProxy section */

/* Begin PBXFileReference section */
		1893233B13E091EF863D75DC /* Pods-ExclamationMarker.debug.xcconfig */ = {isa = PBXFileReference; includeInIndex = 1; lastKnownFileType = text.xcconfig; name = "Pods-ExclamationMarker.debug.xcconfig"; path = "Pods/Target Support Files/Pods-ExclamationMarker/Pods-ExclamationMarker.debug.xcconfig"; sourceTree = "<group>"; };
		57E4B040CAEEF70DA6FF6E1A /* Pods-ExclamationMarker.release.xcconfig */ = {isa = PBXFileReference; includeInIndex = 1; lastKnownFileType = text.xcconfig; name = "Pods-ExclamationMarker.release.xcconfig"; path = "Pods/Target Support Files/Pods-ExclamationMarker/Pods-ExclamationMarker.release.xcconfig"; sourceTree = "<group>"; };
		8D87DE2147202376BE182666 /* libPods-ExclamationMarker.a */ = {isa = PBXFileReference; explicitFileType = archive.ar; includeInIndex = 0; path = "libPods-ExclamationMarker.a"; sourceTree = BUILT_PRODUCTS_DIR; };
		931E51F11BB11646007113D9 /* appicon.icns */ = {isa = PBXFileReference; lastKnownFileType = image.icns; path = appicon.icns; sourceTree = "<group>"; };
		93DA69E91BAC0F670072DA32 /* EMUploader.h */ = {isa = PBXFileReference; fileEncoding = 4; lastKnownFileType = sourcecode.c.h; path = EMUploader.h; sourceTree = "<group>"; };
		93DA69EA1BAC0F670072DA32 /* EMUploader.m */ = {isa = PBXFileReference; fileEncoding = 4; lastKnownFileType = sourcecode.c.objc; path = EMUploader.m; sourceTree = "<group>"; };
		93DA69EC1BAD484B0072DA32 /* GeneralPreferencesView.xib */ = {isa = PBXFileReference; fileEncoding = 4; lastKnownFileType = file.xib; path = GeneralPreferencesView.xib; sourceTree = "<group>"; };
		93DA69EE1BAD4A3D0072DA32 /* GeneralPreferencesViewController.h */ = {isa = PBXFileReference; fileEncoding = 4; lastKnownFileType = sourcecode.c.h; path = GeneralPreferencesViewController.h; sourceTree = "<group>"; };
		93DA69EF1BAD4A3D0072DA32 /* GeneralPreferencesViewController.m */ = {isa = PBXFileReference; fileEncoding = 4; lastKnownFileType = sourcecode.c.objc; path = GeneralPreferencesViewController.m; sourceTree = "<group>"; };
		93DA69F11BAD5A690072DA32 /* EMConfig.h */ = {isa = PBXFileReference; fileEncoding = 4; lastKnownFileType = sourcecode.c.h; path = EMConfig.h; sourceTree = "<group>"; };
		93DA69F21BAD5A690072DA32 /* EMConfig.m */ = {isa = PBXFileReference; fileEncoding = 4; lastKnownFileType = sourcecode.c.objc; path = EMConfig.m; sourceTree = "<group>"; };
		93F980CF1BAB067A000BDA2A /* ExclamationMarker.app */ = {isa = PBXFileReference; explicitFileType = wrapper.application; includeInIndex = 0; path = ExclamationMarker.app; sourceTree = BUILT_PRODUCTS_DIR; };
		93F980D21BAB067A000BDA2A /* AppDelegate.h */ = {isa = PBXFileReference; lastKnownFileType = sourcecode.c.h; path = AppDelegate.h; sourceTree = "<group>"; };
		93F980D31BAB067A000BDA2A /* AppDelegate.m */ = {isa = PBXFileReference; lastKnownFileType = sourcecode.c.objc; path = AppDelegate.m; sourceTree = "<group>"; };
		93F980D61BAB067A000BDA2A /* main.m */ = {isa = PBXFileReference; lastKnownFileType = sourcecode.c.objc; path = main.m; sourceTree = "<group>"; };
		93F980D81BAB067A000BDA2A /* ViewController.h */ = {isa = PBXFileReference; lastKnownFileType = sourcecode.c.h; path = ViewController.h; sourceTree = "<group>"; };
		93F980D91BAB067A000BDA2A /* ViewController.m */ = {isa = PBXFileReference; lastKnownFileType = sourcecode.c.objc; path = ViewController.m; sourceTree = "<group>"; };
		93F980DB1BAB067A000BDA2A /* Assets.xcassets */ = {isa = PBXFileReference; lastKnownFileType = folder.assetcatalog; path = Assets.xcassets; sourceTree = "<group>"; };
		93F980DE1BAB067A000BDA2A /* Base */ = {isa = PBXFileReference; lastKnownFileType = file.storyboard; name = Base; path = Base.lproj/Main.storyboard; sourceTree = "<group>"; };
		93F980E01BAB067A000BDA2A /* Info.plist */ = {isa = PBXFileReference; lastKnownFileType = text.plist.xml; path = Info.plist; sourceTree = "<group>"; };
		93F980E51BAB067A000BDA2A /* ExclamationMarkerTests.xctest */ = {isa = PBXFileReference; explicitFileType = wrapper.cfbundle; includeInIndex = 0; path = ExclamationMarkerTests.xctest; sourceTree = BUILT_PRODUCTS_DIR; };
		93F980E91BAB067A000BDA2A /* ExclamationMarkerTests.m */ = {isa = PBXFileReference; lastKnownFileType = sourcecode.c.objc; path = ExclamationMarkerTests.m; sourceTree = "<group>"; };
		93F980EB1BAB067A000BDA2A /* Info.plist */ = {isa = PBXFileReference; lastKnownFileType = text.plist.xml; path = Info.plist; sourceTree = "<group>"; };
		93F980F01BAB067A000BDA2A /* ExclamationMarkerUITests.xctest */ = {isa = PBXFileReference; explicitFileType = wrapper.cfbundle; includeInIndex = 0; path = ExclamationMarkerUITests.xctest; sourceTree = BUILT_PRODUCTS_DIR; };
		93F980F41BAB067A000BDA2A /* ExclamationMarkerUITests.m */ = {isa = PBXFileReference; lastKnownFileType = sourcecode.c.objc; path = ExclamationMarkerUITests.m; sourceTree = "<group>"; };
		93F980F61BAB067A000BDA2A /* Info.plist */ = {isa = PBXFileReference; lastKnownFileType = text.plist.xml; path = Info.plist; sourceTree = "<group>"; };
/* End PBXFileReference section */

/* Begin PBXFrameworksBuildPhase section */
		93F980CC1BAB067A000BDA2A /* Frameworks */ = {
			isa = PBXFrameworksBuildPhase;
			buildActionMask = 2147483647;
			files = (
				ADBE772E0EC6BBE42AEFF721 /* libPods-ExclamationMarker.a in Frameworks */,
			);
			runOnlyForDeploymentPostprocessing = 0;
		};
		93F980E21BAB067A000BDA2A /* Frameworks */ = {
			isa = PBXFrameworksBuildPhase;
			buildActionMask = 2147483647;
			files = (
			);
			runOnlyForDeploymentPostprocessing = 0;
		};
		93F980ED1BAB067A000BDA2A /* Frameworks */ = {
			isa = PBXFrameworksBuildPhase;
			buildActionMask = 2147483647;
			files = (
			);
			runOnlyForDeploymentPostprocessing = 0;
		};
/* End PBXFrameworksBuildPhase section */

/* Begin PBXGroup section */
		28832DC081B551B5BB6887CD /* Frameworks */ = {
			isa = PBXGroup;
			children = (
				8D87DE2147202376BE182666 /* libPods-ExclamationMarker.a */,
			);
			name = Frameworks;
			sourceTree = "<group>";
		};
		93F980C61BAB067A000BDA2A = {
			isa = PBXGroup;
			children = (
				93F980D11BAB067A000BDA2A /* ExclamationMarker */,
				93F980E81BAB067A000BDA2A /* ExclamationMarkerTests */,
				93F980F31BAB067A000BDA2A /* ExclamationMarkerUITests */,
				93F980D01BAB067A000BDA2A /* Products */,
				E4B1FCB3DD619427CBF6BADB /* Pods */,
				28832DC081B551B5BB6887CD /* Frameworks */,
			);
			sourceTree = "<group>";
		};
		93F980D01BAB067A000BDA2A /* Products */ = {
			isa = PBXGroup;
			children = (
				93F980CF1BAB067A000BDA2A /* ExclamationMarker.app */,
				93F980E51BAB067A000BDA2A /* ExclamationMarkerTests.xctest */,
				93F980F01BAB067A000BDA2A /* ExclamationMarkerUITests.xctest */,
			);
			name = Products;
			sourceTree = "<group>";
		};
		93F980D11BAB067A000BDA2A /* ExclamationMarker */ = {
			isa = PBXGroup;
			children = (
				93F981041BAB0B7A000BDA2A /* Model */,
				93F981031BAB0B34000BDA2A /* Controllers */,
				93F981021BAB0B2B000BDA2A /* Views */,
				93F980DB1BAB067A000BDA2A /* Assets.xcassets */,
				93F980E01BAB067A000BDA2A /* Info.plist */,
				93F980D51BAB067A000BDA2A /* Supporting Files */,
			);
			path = ExclamationMarker;
			sourceTree = "<group>";
		};
		93F980D51BAB067A000BDA2A /* Supporting Files */ = {
			isa = PBXGroup;
			children = (
				931E51F11BB11646007113D9 /* appicon.icns */,
				93F980D61BAB067A000BDA2A /* main.m */,
			);
			name = "Supporting Files";
			sourceTree = "<group>";
		};
		93F980E81BAB067A000BDA2A /* ExclamationMarkerTests */ = {
			isa = PBXGroup;
			children = (
				93F980E91BAB067A000BDA2A /* ExclamationMarkerTests.m */,
				93F980EB1BAB067A000BDA2A /* Info.plist */,
			);
			path = ExclamationMarkerTests;
			sourceTree = "<group>";
		};
		93F980F31BAB067A000BDA2A /* ExclamationMarkerUITests */ = {
			isa = PBXGroup;
			children = (
				93F980F41BAB067A000BDA2A /* ExclamationMarkerUITests.m */,
				93F980F61BAB067A000BDA2A /* Info.plist */,
			);
			path = ExclamationMarkerUITests;
			sourceTree = "<group>";
		};
		93F981021BAB0B2B000BDA2A /* Views */ = {
			isa = PBXGroup;
			children = (
				93DA69EC1BAD484B0072DA32 /* GeneralPreferencesView.xib */,
				93F980DD1BAB067A000BDA2A /* Main.storyboard */,
			);
			name = Views;
			sourceTree = "<group>";
		};
		93F981031BAB0B34000BDA2A /* Controllers */ = {
			isa = PBXGroup;
			children = (
				93DA69EE1BAD4A3D0072DA32 /* GeneralPreferencesViewController.h */,
				93DA69EF1BAD4A3D0072DA32 /* GeneralPreferencesViewController.m */,
				93F980D21BAB067A000BDA2A /* AppDelegate.h */,
				93F980D31BAB067A000BDA2A /* AppDelegate.m */,
				93F980D81BAB067A000BDA2A /* ViewController.h */,
				93F980D91BAB067A000BDA2A /* ViewController.m */,
			);
			name = Controllers;
			sourceTree = "<group>";
		};
		93F981041BAB0B7A000BDA2A /* Model */ = {
			isa = PBXGroup;
			children = (
				93DA69E91BAC0F670072DA32 /* EMUploader.h */,
				93DA69EA1BAC0F670072DA32 /* EMUploader.m */,
				93DA69F11BAD5A690072DA32 /* EMConfig.h */,
				93DA69F21BAD5A690072DA32 /* EMConfig.m */,
			);
			name = Model;
			sourceTree = "<group>";
		};
		E4B1FCB3DD619427CBF6BADB /* Pods */ = {
			isa = PBXGroup;
			children = (
				1893233B13E091EF863D75DC /* Pods-ExclamationMarker.debug.xcconfig */,
				57E4B040CAEEF70DA6FF6E1A /* Pods-ExclamationMarker.release.xcconfig */,
			);
			name = Pods;
			sourceTree = "<group>";
		};
/* End PBXGroup section */

/* Begin PBXNativeTarget section */
		93F980CE1BAB067A000BDA2A /* ExclamationMarker */ = {
			isa = PBXNativeTarget;
			buildConfigurationList = 93F980F91BAB067A000BDA2A /* Build configuration list for PBXNativeTarget "ExclamationMarker" */;
			buildPhases = (
				CC7559D38F7E4DDC30C72384 /* Check Pods Manifest.lock */,
				93F980CB1BAB067A000BDA2A /* Sources */,
				93F980CC1BAB067A000BDA2A /* Frameworks */,
				93F980CD1BAB067A000BDA2A /* Resources */,
				F8B4BA90F9706C27E68306B3 /* Copy Pods Resources */,
			);
			buildRules = (
			);
			dependencies = (
			);
			name = ExclamationMarker;
			productName = ExclamationMarker;
			productReference = 93F980CF1BAB067A000BDA2A /* ExclamationMarker.app */;
			productType = "com.apple.product-type.application";
		};
		93F980E41BAB067A000BDA2A /* ExclamationMarkerTests */ = {
			isa = PBXNativeTarget;
			buildConfigurationList = 93F980FC1BAB067A000BDA2A /* Build configuration list for PBXNativeTarget "ExclamationMarkerTests" */;
			buildPhases = (
				93F980E11BAB067A000BDA2A /* Sources */,
				93F980E21BAB067A000BDA2A /* Frameworks */,
				93F980E31BAB067A000BDA2A /* Resources */,
			);
			buildRules = (
			);
			dependencies = (
				93F980E71BAB067A000BDA2A /* PBXTargetDependency */,
			);
			name = ExclamationMarkerTests;
			productName = ExclamationMarkerTests;
			productReference = 93F980E51BAB067A000BDA2A /* ExclamationMarkerTests.xctest */;
			productType = "com.apple.product-type.bundle.unit-test";
		};
		93F980EF1BAB067A000BDA2A /* ExclamationMarkerUITests */ = {
			isa = PBXNativeTarget;
			buildConfigurationList = 93F980FF1BAB067A000BDA2A /* Build configuration list for PBXNativeTarget "ExclamationMarkerUITests" */;
			buildPhases = (
				93F980EC1BAB067A000BDA2A /* Sources */,
				93F980ED1BAB067A000BDA2A /* Frameworks */,
				93F980EE1BAB067A000BDA2A /* Resources */,
			);
			buildRules = (
			);
			dependencies = (
				93F980F21BAB067A000BDA2A /* PBXTargetDependency */,
			);
			name = ExclamationMarkerUITests;
			productName = ExclamationMarkerUITests;
			productReference = 93F980F01BAB067A000BDA2A /* ExclamationMarkerUITests.xctest */;
			productType = "com.apple.product-type.bundle.ui-testing";
		};
/* End PBXNativeTarget section */

/* Begin PBXProject section */
		93F980C71BAB067A000BDA2A /* Project object */ = {
			isa = PBXProject;
			attributes = {
				LastUpgradeCheck = 0700;
				ORGANIZATIONNAME = shouding;
				TargetAttributes = {
					93F980CE1BAB067A000BDA2A = {
						CreatedOnToolsVersion = 7.0;
					};
					93F980E41BAB067A000BDA2A = {
						CreatedOnToolsVersion = 7.0;
						TestTargetID = 93F980CE1BAB067A000BDA2A;
					};
					93F980EF1BAB067A000BDA2A = {
						CreatedOnToolsVersion = 7.0;
						TestTargetID = 93F980CE1BAB067A000BDA2A;
					};
				};
			};
			buildConfigurationList = 93F980CA1BAB067A000BDA2A /* Build configuration list for PBXProject "ExclamationMarker" */;
			compatibilityVersion = "Xcode 3.2";
			developmentRegion = English;
			hasScannedForEncodings = 0;
			knownRegions = (
				en,
				Base,
			);
			mainGroup = 93F980C61BAB067A000BDA2A;
			productRefGroup = 93F980D01BAB067A000BDA2A /* Products */;
			projectDirPath = "";
			projectRoot = "";
			targets = (
				93F980CE1BAB067A000BDA2A /* ExclamationMarker */,
				93F980E41BAB067A000BDA2A /* ExclamationMarkerTests */,
				93F980EF1BAB067A000BDA2A /* ExclamationMarkerUITests */,
			);
		};
/* End PBXProject section */

/* Begin PBXResourcesBuildPhase section */
		93F980CD1BAB067A000BDA2A /* Resources */ = {
			isa = PBXResourcesBuildPhase;
			buildActionMask = 2147483647;
			files = (
				93F980DC1BAB067A000BDA2A /* Assets.xcassets in Resources */,
				931E51F21BB11646007113D9 /* appicon.icns in Resources */,
				93DA69ED1BAD484B0072DA32 /* GeneralPreferencesView.xib in Resources */,
				93F980DF1BAB067A000BDA2A /* Main.storyboard in Resources */,
			);
			runOnlyForDeploymentPostprocessing = 0;
		};
		93F980E31BAB067A000BDA2A /* Resources */ = {
			isa = PBXResourcesBuildPhase;
			buildActionMask = 2147483647;
			files = (
			);
			runOnlyForDeploymentPostprocessing = 0;
		};
		93F980EE1BAB067A000BDA2A /* Resources */ = {
			isa = PBXResourcesBuildPhase;
			buildActionMask = 2147483647;
			files = (
			);
			runOnlyForDeploymentPostprocessing = 0;
		};
/* End PBXResourcesBuildPhase section */

/* Begin PBXShellScriptBuildPhase section */
		CC7559D38F7E4DDC30C72384 /* Check Pods Manifest.lock */ = {
			isa = PBXShellScriptBuildPhase;
			buildActionMask = 2147483647;
			files = (
			);
			inputPaths = (
			);
			name = "Check Pods Manifest.lock";
			outputPaths = (
			);
			runOnlyForDeploymentPostprocessing = 0;
			shellPath = /bin/sh;
			shellScript = "diff \"${PODS_ROOT}/../Podfile.lock\" \"${PODS_ROOT}/Manifest.lock\" > /dev/null\nif [[ $? != 0 ]] ; then\n    cat << EOM\nerror: The sandbox is not in sync with the Podfile.lock. Run 'pod install' or update your CocoaPods installation.\nEOM\n    exit 1\nfi\n";
			showEnvVarsInLog = 0;
		};
		F8B4BA90F9706C27E68306B3 /* Copy Pods Resources */ = {
			isa = PBXShellScriptBuildPhase;
			buildActionMask = 2147483647;
			files = (
			);
			inputPaths = (
			);
			name = "Copy Pods Resources";
			outputPaths = (
			);
			runOnlyForDeploymentPostprocessing = 0;
			shellPath = /bin/sh;
			shellScript = "\"${SRCROOT}/Pods/Target Support Files/Pods-ExclamationMarker/Pods-ExclamationMarker-resources.sh\"\n";
			showEnvVarsInLog = 0;
		};
/* End PBXShellScriptBuildPhase section */

/* Begin PBXSourcesBuildPhase section */
		93F980CB1BAB067A000BDA2A /* Sources */ = {
			isa = PBXSourcesBuildPhase;
			buildActionMask = 2147483647;
			files = (
				93DA69F01BAD4A3D0072DA32 /* GeneralPreferencesViewController.m in Sources */,
				93DA69EB1BAC0F670072DA32 /* EMUploader.m in Sources */,
				93F980DA1BAB067A000BDA2A /* ViewController.m in Sources */,
				93DA69F31BAD5A690072DA32 /* EMConfig.m in Sources */,
				93F980D71BAB067A000BDA2A /* main.m in Sources */,
				93F980D41BAB067A000BDA2A /* AppDelegate.m in Sources */,
			);
			runOnlyForDeploymentPostprocessing = 0;
		};
		93F980E11BAB067A000BDA2A /* Sources */ = {
			isa = PBXSourcesBuildPhase;
			buildActionMask = 2147483647;
			files = (
				93F980EA1BAB067A000BDA2A /* ExclamationMarkerTests.m in Sources */,
			);
			runOnlyForDeploymentPostprocessing = 0;
		};
		93F980EC1BAB067A000BDA2A /* Sources */ = {
			isa = PBXSourcesBuildPhase;
			buildActionMask = 2147483647;
			files = (
				93F980F51BAB067A000BDA2A /* ExclamationMarkerUITests.m in Sources */,
			);
			runOnlyForDeploymentPostprocessing = 0;
		};
/* End PBXSourcesBuildPhase section */

/* Begin PBXTargetDependency section */
		93F980E71BAB067A000BDA2A /* PBXTargetDependency */ = {
			isa = PBXTargetDependency;
			target = 93F980CE1BAB067A000BDA2A /* ExclamationMarker */;
			targetProxy = 93F980E61BAB067A000BDA2A /* PBXContainerItemProxy */;
		};
		93F980F21BAB067A000BDA2A /* PBXTargetDependency */ = {
			isa = PBXTargetDependency;
			target = 93F980CE1BAB067A000BDA2A /* ExclamationMarker */;
			targetProxy = 93F980F11BAB067A000BDA2A /* PBXContainerItemProxy */;
		};
/* End PBXTargetDependency section */

/* Begin PBXVariantGroup section */
		93F980DD1BAB067A000BDA2A /* Main.storyboard */ = {
			isa = PBXVariantGroup;
			children = (
				93F980DE1BAB067A000BDA2A /* Base */,
			);
			name = Main.storyboard;
			sourceTree = "<group>";
		};
/* End PBXVariantGroup section */

/* Begin XCBuildConfiguration section */
		93F980F71BAB067A000BDA2A /* Debug */ = {
			isa = XCBuildConfiguration;
			buildSettings = {
				ALWAYS_SEARCH_USER_PATHS = NO;
				CLANG_CXX_LANGUAGE_STANDARD = "gnu++0x";
				CLANG_CXX_LIBRARY = "libc++";
				CLANG_ENABLE_MODULES = YES;
				CLANG_ENABLE_OBJC_ARC = YES;
				CLANG_WARN_BOOL_CONVERSION = YES;
				CLANG_WARN_CONSTANT_CONVERSION = YES;
				CLANG_WARN_DIRECT_OBJC_ISA_USAGE = YES_ERROR;
				CLANG_WARN_EMPTY_BODY = YES;
				CLANG_WARN_ENUM_CONVERSION = YES;
				CLANG_WARN_INT_CONVERSION = YES;
				CLANG_WARN_OBJC_ROOT_CLASS = YES_ERROR;
				CLANG_WARN_UNREACHABLE_CODE = YES;
				CLANG_WARN__DUPLICATE_METHOD_MATCH = YES;
				CODE_SIGN_IDENTITY = "-";
				COPY_PHASE_STRIP = NO;
				DEBUG_INFORMATION_FORMAT = dwarf;
				ENABLE_STRICT_OBJC_MSGSEND = YES;
				ENABLE_TESTABILITY = YES;
				GCC_C_LANGUAGE_STANDARD = gnu99;
				GCC_DYNAMIC_NO_PIC = NO;
				GCC_NO_COMMON_BLOCKS = YES;
				GCC_OPTIMIZATION_LEVEL = 0;
				GCC_PREPROCESSOR_DEFINITIONS = (
					"DEBUG=1",
					"$(inherited)",
				);
				GCC_WARN_64_TO_32_BIT_CONVERSION = YES;
				GCC_WARN_ABOUT_RETURN_TYPE = YES_ERROR;
				GCC_WARN_UNDECLARED_SELECTOR = YES;
				GCC_WARN_UNINITIALIZED_AUTOS = YES_AGGRESSIVE;
				GCC_WARN_UNUSED_FUNCTION = YES;
				GCC_WARN_UNUSED_VARIABLE = YES;
				MACOSX_DEPLOYMENT_TARGET = 10.11;
				MTL_ENABLE_DEBUG_INFO = YES;
				ONLY_ACTIVE_ARCH = YES;
				SDKROOT = macosx;
			};
			name = Debug;
		};
		93F980F81BAB067A000BDA2A /* Release */ = {
			isa = XCBuildConfiguration;
			buildSettings = {
				ALWAYS_SEARCH_USER_PATHS = NO;
				CLANG_CXX_LANGUAGE_STANDARD = "gnu++0x";
				CLANG_CXX_LIBRARY = "libc++";
				CLANG_ENABLE_MODULES = YES;
				CLANG_ENABLE_OBJC_ARC = YES;
				CLANG_WARN_BOOL_CONVERSION = YES;
				CLANG_WARN_CONSTANT_CONVERSION = YES;
				CLANG_WARN_DIRECT_OBJC_ISA_USAGE = YES_ERROR;
				CLANG_WARN_EMPTY_BODY = YES;
				CLANG_WARN_ENUM_CONVERSION = YES;
				CLANG_WARN_INT_CONVERSION = YES;
				CLANG_WARN_OBJC_ROOT_CLASS = YES_ERROR;
				CLANG_WARN_UNREACHABLE_CODE = YES;
				CLANG_WARN__DUPLICATE_METHOD_MATCH = YES;
				CODE_SIGN_IDENTITY = "-";
				COPY_PHASE_STRIP = NO;
				DEBUG_INFORMATION_FORMAT = "dwarf-with-dsym";
				ENABLE_NS_ASSERTIONS = NO;
				ENABLE_STRICT_OBJC_MSGSEND = YES;
				GCC_C_LANGUAGE_STANDARD = gnu99;
				GCC_NO_COMMON_BLOCKS = YES;
				GCC_WARN_64_TO_32_BIT_CONVERSION = YES;
				GCC_WARN_ABOUT_RETURN_TYPE = YES_ERROR;
				GCC_WARN_UNDECLARED_SELECTOR = YES;
				GCC_WARN_UNINITIALIZED_AUTOS = YES_AGGRESSIVE;
				GCC_WARN_UNUSED_FUNCTION = YES;
				GCC_WARN_UNUSED_VARIABLE = YES;
				MACOSX_DEPLOYMENT_TARGET = 10.11;
				MTL_ENABLE_DEBUG_INFO = NO;
				SDKROOT = macosx;
			};
			name = Release;
		};
		93F980FA1BAB067A000BDA2A /* Debug */ = {
			isa = XCBuildConfiguration;
			baseConfigurationReference = 1893233B13E091EF863D75DC /* Pods-ExclamationMarker.debug.xcconfig */;
			buildSettings = {
				ASSETCATALOG_COMPILER_APPICON_NAME = AppIcon;
				COMBINE_HIDPI_IMAGES = YES;
				INFOPLIST_FILE = ExclamationMarker/Info.plist;
				LD_RUNPATH_SEARCH_PATHS = "$(inherited) @executable_path/../Frameworks";
				PRODUCT_BUNDLE_IDENTIFIER = "com.first-learning.ExclamationMarker";
				PRODUCT_NAME = "$(TARGET_NAME)";
			};
			name = Debug;
		};
		93F980FB1BAB067A000BDA2A /* Release */ = {
			isa = XCBuildConfiguration;
			baseConfigurationReference = 57E4B040CAEEF70DA6FF6E1A /* Pods-ExclamationMarker.release.xcconfig */;
			buildSettings = {
				ASSETCATALOG_COMPILER_APPICON_NAME = AppIcon;
				COMBINE_HIDPI_IMAGES = YES;
				INFOPLIST_FILE = ExclamationMarker/Info.plist;
				LD_RUNPATH_SEARCH_PATHS = "$(inherited) @executable_path/../Frameworks";
				PRODUCT_BUNDLE_IDENTIFIER = "com.first-learning.ExclamationMarker";
				PRODUCT_NAME = "$(TARGET_NAME)";
			};
			name = Release;
		};
		93F980FD1BAB067A000BDA2A /* Debug */ = {
			isa = XCBuildConfiguration;
			buildSettings = {
				BUNDLE_LOADER = "$(TEST_HOST)";
				COMBINE_HIDPI_IMAGES = YES;
				INFOPLIST_FILE = ExclamationMarkerTests/Info.plist;
				LD_RUNPATH_SEARCH_PATHS = "$(inherited) @executable_path/../Frameworks @loader_path/../Frameworks";
				PRODUCT_BUNDLE_IDENTIFIER = "com.first-learning.ExclamationMarkerTests";
				PRODUCT_NAME = "$(TARGET_NAME)";
				TEST_HOST = "$(BUILT_PRODUCTS_DIR)/ExclamationMarker.app/Contents/MacOS/ExclamationMarker";
			};
			name = Debug;
		};
		93F980FE1BAB067A000BDA2A /* Release */ = {
			isa = XCBuildConfiguration;
			buildSettings = {
				BUNDLE_LOADER = "$(TEST_HOST)";
				COMBINE_HIDPI_IMAGES = YES;
				INFOPLIST_FILE = ExclamationMarkerTests/Info.plist;
				LD_RUNPATH_SEARCH_PATHS = "$(inherited) @executable_path/../Frameworks @loader_path/../Frameworks";
				PRODUCT_BUNDLE_IDENTIFIER = "com.first-learning.ExclamationMarkerTests";
				PRODUCT_NAME = "$(TARGET_NAME)";
				TEST_HOST = "$(BUILT_PRODUCTS_DIR)/ExclamationMarker.app/Contents/MacOS/ExclamationMarker";
			};
			name = Release;
		};
		93F981001BAB067A000BDA2A /* Debug */ = {
			isa = XCBuildConfiguration;
			buildSettings = {
				COMBINE_HIDPI_IMAGES = YES;
				INFOPLIST_FILE = ExclamationMarkerUITests/Info.plist;
				LD_RUNPATH_SEARCH_PATHS = "$(inherited) @executable_path/../Frameworks @loader_path/../Frameworks";
				PRODUCT_BUNDLE_IDENTIFIER = "com.first-learning.ExclamationMarkerUITests";
				PRODUCT_NAME = "$(TARGET_NAME)";
				TEST_TARGET_NAME = ExclamationMarker;
				USES_XCTRUNNER = YES;
			};
			name = Debug;
		};
		93F981011BAB067A000BDA2A /* Release */ = {
			isa = XCBuildConfiguration;
			buildSettings = {
				COMBINE_HIDPI_IMAGES = YES;
				INFOPLIST_FILE = ExclamationMarkerUITests/Info.plist;
				LD_RUNPATH_SEARCH_PATHS = "$(inherited) @executable_path/../Frameworks @loader_path/../Frameworks";
				PRODUCT_BUNDLE_IDENTIFIER = "com.first-learning.ExclamationMarkerUITests";
				PRODUCT_NAME = "$(TARGET_NAME)";
				TEST_TARGET_NAME = ExclamationMarker;
				USES_XCTRUNNER = YES;
			};
			name = Release;
		};
/* End XCBuildConfiguration section */

/* Begin XCConfigurationList section */
		93F980CA1BAB067A000BDA2A /* Build configuration list for PBXProject "ExclamationMarker" */ = {
			isa = XCConfigurationList;
			buildConfigurations = (
				93F980F71BAB067A000BDA2A /* Debug */,
				93F980F81BAB067A000BDA2A /* Release */,
			);
			defaultConfigurationIsVisible = 0;
			defaultConfigurationName = Release;
		};
		93F980F91BAB067A000BDA2A /* Build configuration list for PBXNativeTarget "ExclamationMarker" */ = {
			isa = XCConfigurationList;
			buildConfigurations = (
				93F980FA1BAB067A000BDA2A /* Debug */,
				93F980FB1BAB067A000BDA2A /* Release */,
			);
			defaultConfigurationIsVisible = 0;
			defaultConfigurationName = Release;
		};
		93F980FC1BAB067A000BDA2A /* Build configuration list for PBXNativeTarget "ExclamationMarkerTests" */ = {
			isa = XCConfigurationList;
			buildConfigurations = (
				93F980FD1BAB067A000BDA2A /* Debug */,
				93F980FE1BAB067A000BDA2A /* Release */,
			);
			defaultConfigurationIsVisible = 0;
			defaultConfigurationName = Release;
		};
		93F980FF1BAB067A000BDA2A /* Build configuration list for PBXNativeTarget "ExclamationMarkerUITests" */ = {
			isa = XCConfigurationList;
			buildConfigurations = (
				93F981001BAB067A000BDA2A /* Debug */,
				93F981011BAB067A000BDA2A /* Release */,
			);
			defaultConfigurationIsVisible = 0;
			defaultConfigurationName = Release;
		};
/* End XCConfigurationList section */
	};
	rootObject = 93F980C71BAB067A000BDA2A /* Project object */;
}
